
Microsoft Visual Studio Solution File, Format Version 12.00
# Visual Studio Version 16
VisualStudioVersion = 16.0.31624.102
MinimumVisualStudioVersion = 10.0.40219.1
Project("{FAE04EC0-301F-11D3-BF4B-00C04F79EFBC}") = "WebSocketServer", "WebSocketServer.csproj", "{4026719F-05D8-4A0A-8DFA-3F6C545771A0}"
EndProject
Global
	GlobalSection(SolutionConfigurationPlatforms) = preSolution
		Debug|Any CPU = Debug|Any CPU
		Release|Any CPU = Release|Any CPU
	EndGlobalSection
	GlobalSection(ProjectConfigurationPlatforms) = postSolution
		{4026719F-05D8-4A0A-8DFA-3F6C545771A0}.Debug|Any CPU.ActiveCfg = Debug|Any CPU
		{4026719F-05D8-4A0A-8DFA-3F6C545771A0}.Debug|Any CPU.Build.0 = Debug|Any CPU
		{4026719F-05D8-4A0A-8DFA-3F6C545771A0}.Release|Any CPU.ActiveCfg = Release|Any CPU
		{4026719F-05D8-4A0A-8DFA-3F6C545771A0}.Release|Any CPU.Build.0 = Release|Any CPU
	EndGlobalSection
	GlobalSection(SolutionProperties) = preSolution
		HideSolutionNode = FALSE
	EndGlobalSection
	GlobalSection(ExtensibilityGlobals) = postSolution
		SolutionGuid = {5C1AFFCA-081A-48F3-BD79-C01D5EC87944}
	EndGlobalSection
EndGlobal
